
Microsoft Visual Studio Solution File, Format Version 12.00
# Visual Studio Version 16
VisualStudioVersion = 16.0.29102.190
MinimumVisualStudioVersion = 10.0.40219.1
Project("{FAE04EC0-301F-11D3-BF4B-00C04F79EFBC}") = "WoWJunkyard", "WoWJunkyard\WoWJunkyard.csproj", "{0515E493-955E-419D-9380-47A22B19E561}"
EndProject
Global
	GlobalSection(SolutionConfigurationPlatforms) = preSolution
		Debug|Any CPU = Debug|Any CPU
		Release|Any CPU = Release|Any CPU
	EndGlobalSection
	GlobalSection(ProjectConfigurationPlatforms) = postSolution
		{0515E493-955E-419D-9380-47A22B19E561}.Debug|Any CPU.ActiveCfg = Debug|Any CPU
		{0515E493-955E-419D-9380-47A22B19E561}.Debug|Any CPU.Build.0 = Debug|Any CPU
		{0515E493-955E-419D-9380-47A22B19E561}.Release|Any CPU.ActiveCfg = Release|Any CPU
		{0515E493-955E-419D-9380-47A22B19E561}.Release|Any CPU.Build.0 = Release|Any CPU
	EndGlobalSection
	GlobalSection(SolutionProperties) = preSolution
		HideSolutionNode = FALSE
	EndGlobalSection
	GlobalSection(ExtensibilityGlobals) = postSolution
		SolutionGuid = {6FA81A42-57ED-43E1-A3C3-358F7ADA83FC}
	EndGlobalSection
EndGlobal
