
Microsoft Visual Studio Solution File, Format Version 12.00
# Visual Studio Version 16
VisualStudioVersion = 16.0.29102.190
MinimumVisualStudioVersion = 10.0.40219.1
Project("{FAE04EC0-301F-11D3-BF4B-00C04F79EFBC}") = "WoWJunkyard", "WoWJunkyard\WoWJunkyard.csproj", "{9F28B0A6-31DB-4F16-9CC9-D9D82A06014A}"
EndProject
Global
	GlobalSection(SolutionConfigurationPlatforms) = preSolution
		Debug|Any CPU = Debug|Any CPU
		Release|Any CPU = Release|Any CPU
	EndGlobalSection
	GlobalSection(ProjectConfigurationPlatforms) = postSolution
		{9F28B0A6-31DB-4F16-9CC9-D9D82A06014A}.Debug|Any CPU.ActiveCfg = Debug|Any CPU
		{9F28B0A6-31DB-4F16-9CC9-D9D82A06014A}.Debug|Any CPU.Build.0 = Debug|Any CPU
		{9F28B0A6-31DB-4F16-9CC9-D9D82A06014A}.Release|Any CPU.ActiveCfg = Release|Any CPU
		{9F28B0A6-31DB-4F16-9CC9-D9D82A06014A}.Release|Any CPU.Build.0 = Release|Any CPU
	EndGlobalSection
	GlobalSection(SolutionProperties) = preSolution
		HideSolutionNode = FALSE
	EndGlobalSection
	GlobalSection(ExtensibilityGlobals) = postSolution
		SolutionGuid = {31D8C94B-6AD0-44AC-AADC-CA0C1C2022D5}
	EndGlobalSection
EndGlobal
